# generated by rye
# use `rye lock` or `rye sync` to update this lockfile
#
# last locked with the following flags:
#   pre: false
#   features: []
#   all-features: false
#   with-sources: false
#   generate-hashes: false
#   universal: false

-e file:.
joblib==1.4.2
    # via scikit-learn
numpy==2.2.2
    # via hadron-simulation-calorimeter
    # via pandas
    # via scikit-learn
    # via scipy
pandas==2.2.3
    # via hadron-simulation-calorimeter
python-dateutil==2.9.0.post0
    # via pandas
pytz==2025.1
    # via pandas
scikit-learn==1.6.1
    # via hadron-simulation-calorimeter
scipy==1.15.1
    # via scikit-learn
six==1.17.0
    # via python-dateutil
threadpoolctl==3.5.0
    # via scikit-learn
tzdata==2025.1
    # via pandas
